{
  "name": "behalfid-enforcement-demo",
  "version": "0.1.0",
  "lockfileVersion": 3,
  "requires": true,
  "packages": {
    "": {
      "name": "behalfid-enforcement-demo",
      "version": "0.1.0",
      "dependencies": {
        "@behalfid/sdk": "^0.1.5"
      },
      "engines": {
        "node": ">=18"
      }
    },
    "node_modules/@behalfid/sdk": {
      "version": "0.1.5",
      "resolved": "https://registry.npmjs.org/@behalfid/sdk/-/sdk-0.1.5.tgz",
      "integrity": "sha512-bk+LHMEt2IeZZmcvbjbQhnuQlWyL6oWf91DEX7Hu6YyMOrvaIYkUEFbf2U0hkdZzMVfjQJWeNzRB7vBIP+WKNg==",
      "license": "MIT",
      "engines": {
        "node": ">=18"
      }
    }
  }
}
